
Microsoft Visual Studio Solution File, Format Version 12.00
# Visual Studio Version 17
VisualStudioVersion = 17.7.34024.191
MinimumVisualStudioVersion = 10.0.40219.1
Project("{9A19103F-16F7-4668-BE54-9A1E7A4F7556}") = "skinet", "skinet.csproj", "{61373084-602F-452B-873B-300ED570111B}"
	ProjectSection(ProjectDependencies) = postProject
		{113E2088-E92C-4BE4-818A-2C1A44A1FDCB} = {113E2088-E92C-4BE4-818A-2C1A44A1FDCB}
	EndProjectSection
EndProject
Project("{FAE04EC0-301F-11D3-BF4B-00C04F79EFBC}") = "skinet.Infrastructure", "..\skinet.Infrastructure\skinet.Infrastructure.csproj", "{113E2088-E92C-4BE4-818A-2C1A44A1FDCB}"
	ProjectSection(ProjectDependencies) = postProject
		{05800782-A4A5-4516-A707-C959FFF33752} = {05800782-A4A5-4516-A707-C959FFF33752}
	EndProjectSection
EndProject
Project("{FAE04EC0-301F-11D3-BF4B-00C04F79EFBC}") = "skinet.Core", "..\skinet.Core\skinet.Core.csproj", "{05800782-A4A5-4516-A707-C959FFF33752}"
EndProject
Global
	GlobalSection(SolutionConfigurationPlatforms) = preSolution
		Debug|Any CPU = Debug|Any CPU
		Release|Any CPU = Release|Any CPU
	EndGlobalSection
	GlobalSection(ProjectConfigurationPlatforms) = postSolution
		{61373084-602F-452B-873B-300ED570111B}.Debug|Any CPU.ActiveCfg = Debug|Any CPU
		{61373084-602F-452B-873B-300ED570111B}.Debug|Any CPU.Build.0 = Debug|Any CPU
		{61373084-602F-452B-873B-300ED570111B}.Release|Any CPU.ActiveCfg = Release|Any CPU
		{61373084-602F-452B-873B-300ED570111B}.Release|Any CPU.Build.0 = Release|Any CPU
		{113E2088-E92C-4BE4-818A-2C1A44A1FDCB}.Debug|Any CPU.ActiveCfg = Debug|Any CPU
		{113E2088-E92C-4BE4-818A-2C1A44A1FDCB}.Debug|Any CPU.Build.0 = Debug|Any CPU
		{113E2088-E92C-4BE4-818A-2C1A44A1FDCB}.Release|Any CPU.ActiveCfg = Release|Any CPU
		{113E2088-E92C-4BE4-818A-2C1A44A1FDCB}.Release|Any CPU.Build.0 = Release|Any CPU
		{05800782-A4A5-4516-A707-C959FFF33752}.Debug|Any CPU.ActiveCfg = Debug|Any CPU
		{05800782-A4A5-4516-A707-C959FFF33752}.Debug|Any CPU.Build.0 = Debug|Any CPU
		{05800782-A4A5-4516-A707-C959FFF33752}.Release|Any CPU.ActiveCfg = Release|Any CPU
		{05800782-A4A5-4516-A707-C959FFF33752}.Release|Any CPU.Build.0 = Release|Any CPU
	EndGlobalSection
	GlobalSection(SolutionProperties) = preSolution
		HideSolutionNode = FALSE
	EndGlobalSection
	GlobalSection(ExtensibilityGlobals) = postSolution
		SolutionGuid = {7B32D055-FBE9-4F0A-86D3-EE8AD63941C1}
	EndGlobalSection
EndGlobal
